
Microsoft Visual Studio Solution File, Format Version 12.00
# Visual Studio Version 17
VisualStudioVersion = 17.8.34330.188
MinimumVisualStudioVersion = 10.0.40219.1
Project("{FAE04EC0-301F-11D3-BF4B-00C04F79EFBC}") = "csharp-blazor", "csharp-blazor\csharp-blazor.csproj", "{CFACAF44-C093-4EC1-825B-92128CAB5388}"
EndProject
Project("{9A19103F-16F7-4668-BE54-9A1E7A4F7556}") = "csharp-blazor.Client", "csharp-blazor.Client\csharp-blazor.Client.csproj", "{C67E88F3-ED33-4721-9701-991C6FEB18E8}"
EndProject
Project("{E53339B2-1760-4266-BCC7-CA923CBCF16C}") = "docker-compose", "docker-compose.dcproj", "{2BDACDB6-5219-4CFD-8150-68A6B4382E3E}"
EndProject
Global
	GlobalSection(SolutionConfigurationPlatforms) = preSolution
		Debug|Any CPU = Debug|Any CPU
		Release|Any CPU = Release|Any CPU
	EndGlobalSection
	GlobalSection(ProjectConfigurationPlatforms) = postSolution
		{CFACAF44-C093-4EC1-825B-92128CAB5388}.Debug|Any CPU.ActiveCfg = Debug|Any CPU
		{CFACAF44-C093-4EC1-825B-92128CAB5388}.Debug|Any CPU.Build.0 = Debug|Any CPU
		{CFACAF44-C093-4EC1-825B-92128CAB5388}.Release|Any CPU.ActiveCfg = Release|Any CPU
		{CFACAF44-C093-4EC1-825B-92128CAB5388}.Release|Any CPU.Build.0 = Release|Any CPU
		{C67E88F3-ED33-4721-9701-991C6FEB18E8}.Debug|Any CPU.ActiveCfg = Debug|Any CPU
		{C67E88F3-ED33-4721-9701-991C6FEB18E8}.Debug|Any CPU.Build.0 = Debug|Any CPU
		{C67E88F3-ED33-4721-9701-991C6FEB18E8}.Release|Any CPU.ActiveCfg = Release|Any CPU
		{C67E88F3-ED33-4721-9701-991C6FEB18E8}.Release|Any CPU.Build.0 = Release|Any CPU
		{2BDACDB6-5219-4CFD-8150-68A6B4382E3E}.Debug|Any CPU.ActiveCfg = Debug|Any CPU
		{2BDACDB6-5219-4CFD-8150-68A6B4382E3E}.Debug|Any CPU.Build.0 = Debug|Any CPU
		{2BDACDB6-5219-4CFD-8150-68A6B4382E3E}.Release|Any CPU.ActiveCfg = Release|Any CPU
		{2BDACDB6-5219-4CFD-8150-68A6B4382E3E}.Release|Any CPU.Build.0 = Release|Any CPU
	EndGlobalSection
	GlobalSection(SolutionProperties) = preSolution
		HideSolutionNode = FALSE
	EndGlobalSection
	GlobalSection(ExtensibilityGlobals) = postSolution
		SolutionGuid = {FD2D0F07-3F3D-420D-9012-63DE3B503310}
	EndGlobalSection
EndGlobal
